// !$*UTF8*$!
{
	archiveVersion = 1;
	classes = {
	};
	objectVersion = 51;
	objects = {

/* Begin PBXBuildFile section */
		1C02BC4DC93198F921D532F9 /* Pods_graphTest.framework in Frameworks */ = {isa = PBXBuildFile; fileRef = 576BF5702FB8492F325FD485 /* Pods_graphTest.framework */; };
		95D685A6248DF80600AD0202 /* AppDelegate.swift in Sources */ = {isa = PBXBuildFile; fileRef = 95D685A5248DF80600AD0202 /* AppDelegate.swift */; };
		95D685A8248DF80600AD0202 /* SceneDelegate.swift in Sources */ = {isa = PBXBuildFile; fileRef = 95D685A7248DF80600AD0202 /* SceneDelegate.swift */; };
		95D685AA248DF80600AD0202 /* ViewController.swift in Sources */ = {isa = PBXBuildFile; fileRef = 95D685A9248DF80600AD0202 /* ViewController.swift */; };
		95D685AD248DF80600AD0202 /* Main.storyboard in Resources */ = {isa = PBXBuildFile; fileRef = 95D685AB248DF80600AD0202 /* Main.storyboard */; };
		95D685AF248DF80B00AD0202 /* Assets.xcassets in Resources */ = {isa = PBXBuildFile; fileRef = 95D685AE248DF80B00AD0202 /* Assets.xcassets */; };
		95D685B2248DF80B00AD0202 /* LaunchScreen.storyboard in Resources */ = {isa = PBXBuildFile; fileRef = 95D685B0248DF80B00AD0202 /* LaunchScreen.storyboard */; };
		95D685BA248DFB3000AD0202 /* SecondViewController.swift in Sources */ = {isa = PBXBuildFile; fileRef = 95D685B9248DFB3000AD0202 /* SecondViewController.swift */; };
		95D685BC248DFB4100AD0202 /* ThirdViewController.swift in Sources */ = {isa = PBXBuildFile; fileRef = 95D685BB248DFB4100AD0202 /* ThirdViewController.swift */; };
/* End PBXBuildFile section */

/* Begin PBXFileReference section */
		576BF5702FB8492F325FD485 /* Pods_graphTest.framework */ = {isa = PBXFileReference; explicitFileType = wrapper.framework; includeInIndex = 0; path = Pods_graphTest.framework; sourceTree = BUILT_PRODUCTS_DIR; };
		95D685A2248DF80600AD0202 /* graphTest.app */ = {isa = PBXFileReference; explicitFileType = wrapper.application; includeInIndex = 0; path = graphTest.app; sourceTree = BUILT_PRODUCTS_DIR; };
		95D685A5248DF80600AD0202 /* AppDelegate.swift */ = {isa = PBXFileReference; lastKnownFileType = sourcecode.swift; path = AppDelegate.swift; sourceTree = "<group>"; };
		95D685A7248DF80600AD0202 /* SceneDelegate.swift */ = {isa = PBXFileReference; lastKnownFileType = sourcecode.swift; path = SceneDelegate.swift; sourceTree = "<group>"; };
		95D685A9248DF80600AD0202 /* ViewController.swift */ = {isa = PBXFileReference; lastKnownFileType = sourcecode.swift; path = ViewController.swift; sourceTree = "<group>"; };
		95D685AC248DF80600AD0202 /* Base */ = {isa = PBXFileReference; lastKnownFileType = file.storyboard; name = Base; path = Base.lproj/Main.storyboard; sourceTree = "<group>"; };
		95D685AE248DF80B00AD0202 /* Assets.xcassets */ = {isa = PBXFileReference; lastKnownFileType = folder.assetcatalog; path = Assets.xcassets; sourceTree = "<group>"; };
		95D685B1248DF80B00AD0202 /* Base */ = {isa = PBXFileReference; lastKnownFileType = file.storyboard; name = Base; path = Base.lproj/LaunchScreen.storyboard; sourceTree = "<group>"; };
		95D685B3248DF80B00AD0202 /* Info.plist */ = {isa = PBXFileReference; lastKnownFileType = text.plist.xml; path = Info.plist; sourceTree = "<group>"; };
		95D685B9248DFB3000AD0202 /* SecondViewController.swift */ = {isa = PBXFileReference; lastKnownFileType = sourcecode.swift; path = SecondViewController.swift; sourceTree = "<group>"; };
		95D685BB248DFB4100AD0202 /* ThirdViewController.swift */ = {isa = PBXFileReference; lastKnownFileType = sourcecode.swift; path = ThirdViewController.swift; sourceTree = "<group>"; };
		999600EC42BE01E41CA01D3F /* Pods-graphTest.release.xcconfig */ = {isa = PBXFileReference; includeInIndex = 1; lastKnownFileType = text.xcconfig; name = "Pods-graphTest.release.xcconfig"; path = "Target Support Files/Pods-graphTest/Pods-graphTest.release.xcconfig"; sourceTree = "<group>"; };
		E5D0F6F91C83F3F447A990E7 /* Pods-graphTest.debug.xcconfig */ = {isa = PBXFileReference; includeInIndex = 1; lastKnownFileType = text.xcconfig; name = "Pods-graphTest.debug.xcconfig"; path = "Target Support Files/Pods-graphTest/Pods-graphTest.debug.xcconfig"; sourceTree = "<group>"; };
/* End PBXFileReference section */

/* Begin PBXFrameworksBuildPhase section */
		95D6859F248DF80600AD0202 /* Frameworks */ = {
			isa = PBXFrameworksBuildPhase;
			buildActionMask = 2147483647;
			files = (
				1C02BC4DC93198F921D532F9 /* Pods_graphTest.framework in Frameworks */,
			);
			runOnlyForDeploymentPostprocessing = 0;
		};
/* End PBXFrameworksBuildPhase section */

/* Begin PBXGroup section */
		4A604463F67E86DA5BA1320F /* Frameworks */ = {
			isa = PBXGroup;
			children = (
				576BF5702FB8492F325FD485 /* Pods_graphTest.framework */,
			);
			name = Frameworks;
			sourceTree = "<group>";
		};
		95D68599248DF80600AD0202 = {
			isa = PBXGroup;
			children = (
				95D685A4248DF80600AD0202 /* graphTest */,
				95D685A3248DF80600AD0202 /* Products */,
				EB65D85E5EC2086C50E8477B /* Pods */,
				4A604463F67E86DA5BA1320F /* Frameworks */,
			);
			sourceTree = "<group>";
		};
		95D685A3248DF80600AD0202 /* Products */ = {
			isa = PBXGroup;
			children = (
				95D685A2248DF80600AD0202 /* graphTest.app */,
			);
			name = Products;
			sourceTree = "<group>";
		};
		95D685A4248DF80600AD0202 /* graphTest */ = {
			isa = PBXGroup;
			children = (
				95D685A5248DF80600AD0202 /* AppDelegate.swift */,
				95D685A7248DF80600AD0202 /* SceneDelegate.swift */,
				95D685A9248DF80600AD0202 /* ViewController.swift */,
				95D685B9248DFB3000AD0202 /* SecondViewController.swift */,
				95D685BB248DFB4100AD0202 /* ThirdViewController.swift */,
				95D685AB248DF80600AD0202 /* Main.storyboard */,
				95D685AE248DF80B00AD0202 /* Assets.xcassets */,
				95D685B0248DF80B00AD0202 /* LaunchScreen.storyboard */,
				95D685B3248DF80B00AD0202 /* Info.plist */,
			);
			path = graphTest;
			sourceTree = "<group>";
		};
		EB65D85E5EC2086C50E8477B /* Pods */ = {
			isa = PBXGroup;
			children = (
				E5D0F6F91C83F3F447A990E7 /* Pods-graphTest.debug.xcconfig */,
				999600EC42BE01E41CA01D3F /* Pods-graphTest.release.xcconfig */,
			);
			path = Pods;
			sourceTree = "<group>";
		};
/* End PBXGroup section */

/* Begin PBXNativeTarget section */
		95D685A1248DF80600AD0202 /* graphTest */ = {
			isa = PBXNativeTarget;
			buildConfigurationList = 95D685B6248DF80B00AD0202 /* Build configuration list for PBXNativeTarget "graphTest" */;
			buildPhases = (
				3600C5DD09D0C1EF632A7AB8 /* [CP] Check Pods Manifest.lock */,
				95D6859E248DF80600AD0202 /* Sources */,
				95D6859F248DF80600AD0202 /* Frameworks */,
				95D685A0248DF80600AD0202 /* Resources */,
				794A0C8629BC33085C5A4492 /* [CP] Embed Pods Frameworks */,
			);
			buildRules = (
			);
			dependencies = (
			);
			name = graphTest;
			productName = graphTest;
			productReference = 95D685A2248DF80600AD0202 /* graphTest.app */;
			productType = "com.apple.product-type.application";
		};
/* End PBXNativeTarget section */

/* Begin PBXProject section */
		95D6859A248DF80600AD0202 /* Project object */ = {
			isa = PBXProject;
			attributes = {
				LastSwiftUpdateCheck = 1140;
				LastUpgradeCheck = 1140;
				ORGANIZATIONNAME = "Yuki Shinohara";
				TargetAttributes = {
					95D685A1248DF80600AD0202 = {
						CreatedOnToolsVersion = 11.4;
					};
				};
			};
			buildConfigurationList = 95D6859D248DF80600AD0202 /* Build configuration list for PBXProject "graphTest" */;
			compatibilityVersion = "Xcode 9.3";
			developmentRegion = en;
			hasScannedForEncodings = 0;
			knownRegions = (
				en,
				Base,
			);
			mainGroup = 95D68599248DF80600AD0202;
			productRefGroup = 95D685A3248DF80600AD0202 /* Products */;
			projectDirPath = "";
			projectRoot = "";
			targets = (
				95D685A1248DF80600AD0202 /* graphTest */,
			);
		};
/* End PBXProject section */

/* Begin PBXResourcesBuildPhase section */
		95D685A0248DF80600AD0202 /* Resources */ = {
			isa = PBXResourcesBuildPhase;
			buildActionMask = 2147483647;
			files = (
				95D685B2248DF80B00AD0202 /* LaunchScreen.storyboard in Resources */,
				95D685AF248DF80B00AD0202 /* Assets.xcassets in Resources */,
				95D685AD248DF80600AD0202 /* Main.storyboard in Resources */,
			);
			runOnlyForDeploymentPostprocessing = 0;
		};
/* End PBXResourcesBuildPhase section */

/* Begin PBXShellScriptBuildPhase section */
		3600C5DD09D0C1EF632A7AB8 /* [CP] Check Pods Manifest.lock */ = {
			isa = PBXShellScriptBuildPhase;
			buildActionMask = 2147483647;
			files = (
			);
			inputFileListPaths = (
			);
			inputPaths = (
				"${PODS_PODFILE_DIR_PATH}/Podfile.lock",
				"${PODS_ROOT}/Manifest.lock",
			);
			name = "[CP] Check Pods Manifest.lock";
			outputFileListPaths = (
			);
			outputPaths = (
				"$(DERIVED_FILE_DIR)/Pods-graphTest-checkManifestLockResult.txt",
			);
			runOnlyForDeploymentPostprocessing = 0;
			shellPath = /bin/sh;
			shellScript = "diff \"${PODS_PODFILE_DIR_PATH}/Podfile.lock\" \"${PODS_ROOT}/Manifest.lock\" > /dev/null\nif [ $? != 0 ] ; then\n    # print error to STDERR\n    echo \"error: The sandbox is not in sync with the Podfile.lock. Run 'pod install' or update your CocoaPods installation.\" >&2\n    exit 1\nfi\n# This output is used by Xcode 'outputs' to avoid re-running this script phase.\necho \"SUCCESS\" > \"${SCRIPT_OUTPUT_FILE_0}\"\n";
			showEnvVarsInLog = 0;
		};
		794A0C8629BC33085C5A4492 /* [CP] Embed Pods Frameworks */ = {
			isa = PBXShellScriptBuildPhase;
			buildActionMask = 2147483647;
			files = (
			);
			inputFileListPaths = (
				"${PODS_ROOT}/Target Support Files/Pods-graphTest/Pods-graphTest-frameworks-${CONFIGURATION}-input-files.xcfilelist",
			);
			name = "[CP] Embed Pods Frameworks";
			outputFileListPaths = (
				"${PODS_ROOT}/Target Support Files/Pods-graphTest/Pods-graphTest-frameworks-${CONFIGURATION}-output-files.xcfilelist",
			);
			runOnlyForDeploymentPostprocessing = 0;
			shellPath = /bin/sh;
			shellScript = "\"${PODS_ROOT}/Target Support Files/Pods-graphTest/Pods-graphTest-frameworks.sh\"\n";
			showEnvVarsInLog = 0;
		};
/* End PBXShellScriptBuildPhase section */

/* Begin PBXSourcesBuildPhase section */
		95D6859E248DF80600AD0202 /* Sources */ = {
			isa = PBXSourcesBuildPhase;
			buildActionMask = 2147483647;
			files = (
				95D685BA248DFB3000AD0202 /* SecondViewController.swift in Sources */,
				95D685AA248DF80600AD0202 /* ViewController.swift in Sources */,
				95D685BC248DFB4100AD0202 /* ThirdViewController.swift in Sources */,
				95D685A6248DF80600AD0202 /* AppDelegate.swift in Sources */,
				95D685A8248DF80600AD0202 /* SceneDelegate.swift in Sources */,
			);
			runOnlyForDeploymentPostprocessing = 0;
		};
/* End PBXSourcesBuildPhase section */

/* Begin PBXVariantGroup section */
		95D685AB248DF80600AD0202 /* Main.storyboard */ = {
			isa = PBXVariantGroup;
			children = (
				95D685AC248DF80600AD0202 /* Base */,
			);
			name = Main.storyboard;
			sourceTree = "<group>";
		};
		95D685B0248DF80B00AD0202 /* LaunchScreen.storyboard */ = {
			isa = PBXVariantGroup;
			children = (
				95D685B1248DF80B00AD0202 /* Base */,
			);
			name = LaunchScreen.storyboard;
			sourceTree = "<group>";
		};
/* End PBXVariantGroup section */

/* Begin XCBuildConfiguration section */
		95D685B4248DF80B00AD0202 /* Debug */ = {
			isa = XCBuildConfiguration;
			buildSettings = {
				ALWAYS_SEARCH_USER_PATHS = NO;
				CLANG_ANALYZER_NONNULL = YES;
				CLANG_ANALYZER_NUMBER_OBJECT_CONVERSION = YES_AGGRESSIVE;
				CLANG_CXX_LANGUAGE_STANDARD = "gnu++14";
				CLANG_CXX_LIBRARY = "libc++";
				CLANG_ENABLE_MODULES = YES;
				CLANG_ENABLE_OBJC_ARC = YES;
				CLANG_ENABLE_OBJC_WEAK = YES;
				CLANG_WARN_BLOCK_CAPTURE_AUTORELEASING = YES;
				CLANG_WARN_BOOL_CONVERSION = YES;
				CLANG_WARN_COMMA = YES;
				CLANG_WARN_CONSTANT_CONVERSION = YES;
				CLANG_WARN_DEPRECATED_OBJC_IMPLEMENTATIONS = YES;
				CLANG_WARN_DIRECT_OBJC_ISA_USAGE = YES_ERROR;
				CLANG_WARN_DOCUMENTATION_COMMENTS = YES;
				CLANG_WARN_EMPTY_BODY = YES;
				CLANG_WARN_ENUM_CONVERSION = YES;
				CLANG_WARN_INFINITE_RECURSION = YES;
				CLANG_WARN_INT_CONVERSION = YES;
				CLANG_WARN_NON_LITERAL_NULL_CONVERSION = YES;
				CLANG_WARN_OBJC_IMPLICIT_RETAIN_SELF = YES;
				CLANG_WARN_OBJC_LITERAL_CONVERSION = YES;
				CLANG_WARN_OBJC_ROOT_CLASS = YES_ERROR;
				CLANG_WARN_RANGE_LOOP_ANALYSIS = YES;
				CLANG_WARN_STRICT_PROTOTYPES = YES;
				CLANG_WARN_SUSPICIOUS_MOVE = YES;
				CLANG_WARN_UNGUARDED_AVAILABILITY = YES_AGGRESSIVE;
				CLANG_WARN_UNREACHABLE_CODE = YES;
				CLANG_WARN__DUPLICATE_METHOD_MATCH = YES;
				COPY_PHASE_STRIP = NO;
				DEBUG_INFORMATION_FORMAT = dwarf;
				ENABLE_STRICT_OBJC_MSGSEND = YES;
				ENABLE_TESTABILITY = YES;
				GCC_C_LANGUAGE_STANDARD = gnu11;
				GCC_DYNAMIC_NO_PIC = NO;
				GCC_NO_COMMON_BLOCKS = YES;
				GCC_OPTIMIZATION_LEVEL = 0;
				GCC_PREPROCESSOR_DEFINITIONS = (
					"DEBUG=1",
					"$(inherited)",
				);
				GCC_WARN_64_TO_32_BIT_CONVERSION = YES;
				GCC_WARN_ABOUT_RETURN_TYPE = YES_ERROR;
				GCC_WARN_UNDECLARED_SELECTOR = YES;
				GCC_WARN_UNINITIALIZED_AUTOS = YES_AGGRESSIVE;
				GCC_WARN_UNUSED_FUNCTION = YES;
				GCC_WARN_UNUSED_VARIABLE = YES;
				IPHONEOS_DEPLOYMENT_TARGET = 13.4;
				MTL_ENABLE_DEBUG_INFO = INCLUDE_SOURCE;
				MTL_FAST_MATH = YES;
				ONLY_ACTIVE_ARCH = YES;
				SDKROOT = iphoneos;
				SWIFT_ACTIVE_COMPILATION_CONDITIONS = DEBUG;
				SWIFT_OPTIMIZATION_LEVEL = "-Onone";
			};
			name = Debug;
		};
		95D685B5248DF80B00AD0202 /* Release */ = {
			isa = XCBuildConfiguration;
			buildSettings = {
				ALWAYS_SEARCH_USER_PATHS = NO;
				CLANG_ANALYZER_NONNULL = YES;
				CLANG_ANALYZER_NUMBER_OBJECT_CONVERSION = YES_AGGRESSIVE;
				CLANG_CXX_LANGUAGE_STANDARD = "gnu++14";
				CLANG_CXX_LIBRARY = "libc++";
				CLANG_ENABLE_MODULES = YES;
				CLANG_ENABLE_OBJC_ARC = YES;
				CLANG_ENABLE_OBJC_WEAK = YES;
				CLANG_WARN_BLOCK_CAPTURE_AUTORELEASING = YES;
				CLANG_WARN_BOOL_CONVERSION = YES;
				CLANG_WARN_COMMA = YES;
				CLANG_WARN_CONSTANT_CONVERSION = YES;
				CLANG_WARN_DEPRECATED_OBJC_IMPLEMENTATIONS = YES;
				CLANG_WARN_DIRECT_OBJC_ISA_USAGE = YES_ERROR;
				CLANG_WARN_DOCUMENTATION_COMMENTS = YES;
				CLANG_WARN_EMPTY_BODY = YES;
				CLANG_WARN_ENUM_CONVERSION = YES;
				CLANG_WARN_INFINITE_RECURSION = YES;
				CLANG_WARN_INT_CONVERSION = YES;
				CLANG_WARN_NON_LITERAL_NULL_CONVERSION = YES;
				CLANG_WARN_OBJC_IMPLICIT_RETAIN_SELF = YES;
				CLANG_WARN_OBJC_LITERAL_CONVERSION = YES;
				CLANG_WARN_OBJC_ROOT_CLASS = YES_ERROR;
				CLANG_WARN_RANGE_LOOP_ANALYSIS = YES;
				CLANG_WARN_STRICT_PROTOTYPES = YES;
				CLANG_WARN_SUSPICIOUS_MOVE = YES;
				CLANG_WARN_UNGUARDED_AVAILABILITY = YES_AGGRESSIVE;
				CLANG_WARN_UNREACHABLE_CODE = YES;
				CLANG_WARN__DUPLICATE_METHOD_MATCH = YES;
				COPY_PHASE_STRIP = NO;
				DEBUG_INFORMATION_FORMAT = "dwarf-with-dsym";
				ENABLE_NS_ASSERTIONS = NO;
				ENABLE_STRICT_OBJC_MSGSEND = YES;
				GCC_C_LANGUAGE_STANDARD = gnu11;
				GCC_NO_COMMON_BLOCKS = YES;
				GCC_WARN_64_TO_32_BIT_CONVERSION = YES;
				GCC_WARN_ABOUT_RETURN_TYPE = YES_ERROR;
				GCC_WARN_UNDECLARED_SELECTOR = YES;
				GCC_WARN_UNINITIALIZED_AUTOS = YES_AGGRESSIVE;
				GCC_WARN_UNUSED_FUNCTION = YES;
				GCC_WARN_UNUSED_VARIABLE = YES;
				IPHONEOS_DEPLOYMENT_TARGET = 13.4;
				MTL_ENABLE_DEBUG_INFO = NO;
				MTL_FAST_MATH = YES;
				SDKROOT = iphoneos;
				SWIFT_COMPILATION_MODE = wholemodule;
				SWIFT_OPTIMIZATION_LEVEL = "-O";
				VALIDATE_PRODUCT = YES;
			};
			name = Release;
		};
		95D685B7248DF80B00AD0202 /* Debug */ = {
			isa = XCBuildConfiguration;
			baseConfigurationReference = E5D0F6F91C83F3F447A990E7 /* Pods-graphTest.debug.xcconfig */;
			buildSettings = {
				ASSETCATALOG_COMPILER_APPICON_NAME = AppIcon;
				CODE_SIGN_STYLE = Automatic;
				DEVELOPMENT_TEAM = 7RFPAQ2NAA;
				INFOPLIST_FILE = graphTest/Info.plist;
				LD_RUNPATH_SEARCH_PATHS = (
					"$(inherited)",
					"@executable_path/Frameworks",
				);
				PRODUCT_BUNDLE_IDENTIFIER = com.shino.graphTest;
				PRODUCT_NAME = "$(TARGET_NAME)";
				SWIFT_VERSION = 5.0;
				TARGETED_DEVICE_FAMILY = "1,2";
			};
			name = Debug;
		};
		95D685B8248DF80B00AD0202 /* Release */ = {
			isa = XCBuildConfiguration;
			baseConfigurationReference = 999600EC42BE01E41CA01D3F /* Pods-graphTest.release.xcconfig */;
			buildSettings = {
				ASSETCATALOG_COMPILER_APPICON_NAME = AppIcon;
				CODE_SIGN_STYLE = Automatic;
				DEVELOPMENT_TEAM = 7RFPAQ2NAA;
				INFOPLIST_FILE = graphTest/Info.plist;
				LD_RUNPATH_SEARCH_PATHS = (
					"$(inherited)",
					"@executable_path/Frameworks",
				);
				PRODUCT_BUNDLE_IDENTIFIER = com.shino.graphTest;
				PRODUCT_NAME = "$(TARGET_NAME)";
				SWIFT_VERSION = 5.0;
				TARGETED_DEVICE_FAMILY = "1,2";
			};
			name = Release;
		};
/* End XCBuildConfiguration section */

/* Begin XCConfigurationList section */
		95D6859D248DF80600AD0202 /* Build configuration list for PBXProject "graphTest" */ = {
			isa = XCConfigurationList;
			buildConfigurations = (
				95D685B4248DF80B00AD0202 /* Debug */,
				95D685B5248DF80B00AD0202 /* Release */,
			);
			defaultConfigurationIsVisible = 0;
			defaultConfigurationName = Release;
		};
		95D685B6248DF80B00AD0202 /* Build configuration list for PBXNativeTarget "graphTest" */ = {
			isa = XCConfigurationList;
			buildConfigurations = (
				95D685B7248DF80B00AD0202 /* Debug */,
				95D685B8248DF80B00AD0202 /* Release */,
			);
			defaultConfigurationIsVisible = 0;
			defaultConfigurationName = Release;
		};
/* End XCConfigurationList section */
	};
	rootObject = 95D6859A248DF80600AD0202 /* Project object */;
}
